
Microsoft Visual Studio Solution File, Format Version 12.00
# Visual Studio Version 16
VisualStudioVersion = 16.0.29806.167
MinimumVisualStudioVersion = 10.0.40219.1
Project("{8BC9CEB8-8B4A-11D0-8D11-00A0C91BC942}") = "winAPI_hash256_to_file", "winAPI_hash256_to_file\winAPI_hash256_to_file.vcxproj", "{62FE3738-B39F-4338-AACC-4FA035F18AFC}"
EndProject
Global
	GlobalSection(SolutionConfigurationPlatforms) = preSolution
		Debug|x64 = Debug|x64
		Debug|x86 = Debug|x86
		Release|x64 = Release|x64
		Release|x86 = Release|x86
	EndGlobalSection
	GlobalSection(ProjectConfigurationPlatforms) = postSolution
		{62FE3738-B39F-4338-AACC-4FA035F18AFC}.Debug|x64.ActiveCfg = Debug|x64
		{62FE3738-B39F-4338-AACC-4FA035F18AFC}.Debug|x64.Build.0 = Debug|x64
		{62FE3738-B39F-4338-AACC-4FA035F18AFC}.Debug|x86.ActiveCfg = Debug|Win32
		{62FE3738-B39F-4338-AACC-4FA035F18AFC}.Debug|x86.Build.0 = Debug|Win32
		{62FE3738-B39F-4338-AACC-4FA035F18AFC}.Release|x64.ActiveCfg = Release|x64
		{62FE3738-B39F-4338-AACC-4FA035F18AFC}.Release|x64.Build.0 = Release|x64
		{62FE3738-B39F-4338-AACC-4FA035F18AFC}.Release|x86.ActiveCfg = Release|Win32
		{62FE3738-B39F-4338-AACC-4FA035F18AFC}.Release|x86.Build.0 = Release|Win32
	EndGlobalSection
	GlobalSection(SolutionProperties) = preSolution
		HideSolutionNode = FALSE
	EndGlobalSection
	GlobalSection(ExtensibilityGlobals) = postSolution
		SolutionGuid = {6B8D46E5-0CCD-4CE7-8465-E9ED053A1F5A}
	EndGlobalSection
EndGlobal
